# This file was autogenerated by Stack.
# You should not edit this file by hand.
# For more information, please see the documentation at:
#   https://docs.haskellstack.org/en/stable/lock_files

packages:
- completed:
    hackage: z3-408.2@sha256:1f8b6ccbcc6d06a6701900a09fcfcbaf86ed8a8495615710bef4da5cdb073a3f,4226
    pantry-tree:
      size: 1476
      sha256: e8562391054f4e07035ab25e1c7ecfba687a46e15aefee4c588b6434dc0b93d8
  original:
    hackage: z3-408.2@sha256:1f8b6ccbcc6d06a6701900a09fcfcbaf86ed8a8495615710bef4da5cdb073a3f,4226
- completed:
    size: 27202
    url: https://github.com/wooshrow/gclparser/archive/8a851604e4881cef612580a5cd7abea87858b3b7.tar.gz
    name: GCLparser
    version: 0.2.1
    sha256: b763a50f8fcde73b839164a74e2617bb8fac195976b30aab8b253515c3ff9066
    pantry-tree:
      size: 1641
      sha256: 4c123957fdc6abf572f3dd426df67987d29398ab28a79f6bbdbc7011e72cb142
  original:
    url: https://github.com/wooshrow/gclparser/archive/8a851604e4881cef612580a5cd7abea87858b3b7.tar.gz
snapshots:
- completed:
    size: 587546
    url: https://raw.githubusercontent.com/commercialhaskell/stackage-snapshots/master/lts/18/10.yaml
    sha256: 88b4f81e162ba3adc230a9fcccc4d19ac116377656bab56c7382ca88598b257a
  original:
    url: https://raw.githubusercontent.com/commercialhaskell/stackage-snapshots/master/lts/18/10.yaml
